
Microsoft Visual Studio Solution File, Format Version 12.00
# Visual Studio Version 16
VisualStudioVersion = 16.0.31129.286
MinimumVisualStudioVersion = 10.0.40219.1
Project("{9A19103F-16F7-4668-BE54-9A1E7A4F7556}") = "net core backend", "net core backend\net core backend.csproj", "{08AEEDCA-7198-49AA-BB22-48D50A565751}"
EndProject
Project("{9A19103F-16F7-4668-BE54-9A1E7A4F7556}") = "UnitTests", "UnitTests\UnitTests.csproj", "{D10D6F2A-1BDD-4AA4-8F6F-DA781AA1D476}"
EndProject
Project("{FAE04EC0-301F-11D3-BF4B-00C04F79EFBC}") = "Infractructure", "Infractructure\Infractructure.csproj", "{C3D0A18A-BDB5-4721-BB39-295C56CD116E}"
EndProject
Project("{FAE04EC0-301F-11D3-BF4B-00C04F79EFBC}") = "Domain", "Domain\Domain.csproj", "{9E280B73-CD92-4E16-9F32-197FCD085BA4}"
EndProject
Project("{FAE04EC0-301F-11D3-BF4B-00C04F79EFBC}") = "Common", "Common\Common.csproj", "{65490DE2-FF09-4C61-A7C4-7FF21E7140C6}"
EndProject
Global
	GlobalSection(SolutionConfigurationPlatforms) = preSolution
		Debug|Any CPU = Debug|Any CPU
		Release|Any CPU = Release|Any CPU
	EndGlobalSection
	GlobalSection(ProjectConfigurationPlatforms) = postSolution
		{08AEEDCA-7198-49AA-BB22-48D50A565751}.Debug|Any CPU.ActiveCfg = Debug|Any CPU
		{08AEEDCA-7198-49AA-BB22-48D50A565751}.Debug|Any CPU.Build.0 = Debug|Any CPU
		{08AEEDCA-7198-49AA-BB22-48D50A565751}.Release|Any CPU.ActiveCfg = Release|Any CPU
		{08AEEDCA-7198-49AA-BB22-48D50A565751}.Release|Any CPU.Build.0 = Release|Any CPU
		{D10D6F2A-1BDD-4AA4-8F6F-DA781AA1D476}.Debug|Any CPU.ActiveCfg = Debug|Any CPU
		{D10D6F2A-1BDD-4AA4-8F6F-DA781AA1D476}.Debug|Any CPU.Build.0 = Debug|Any CPU
		{D10D6F2A-1BDD-4AA4-8F6F-DA781AA1D476}.Release|Any CPU.ActiveCfg = Release|Any CPU
		{D10D6F2A-1BDD-4AA4-8F6F-DA781AA1D476}.Release|Any CPU.Build.0 = Release|Any CPU
		{C3D0A18A-BDB5-4721-BB39-295C56CD116E}.Debug|Any CPU.ActiveCfg = Debug|Any CPU
		{C3D0A18A-BDB5-4721-BB39-295C56CD116E}.Debug|Any CPU.Build.0 = Debug|Any CPU
		{C3D0A18A-BDB5-4721-BB39-295C56CD116E}.Release|Any CPU.ActiveCfg = Release|Any CPU
		{C3D0A18A-BDB5-4721-BB39-295C56CD116E}.Release|Any CPU.Build.0 = Release|Any CPU
		{9E280B73-CD92-4E16-9F32-197FCD085BA4}.Debug|Any CPU.ActiveCfg = Debug|Any CPU
		{9E280B73-CD92-4E16-9F32-197FCD085BA4}.Debug|Any CPU.Build.0 = Debug|Any CPU
		{9E280B73-CD92-4E16-9F32-197FCD085BA4}.Release|Any CPU.ActiveCfg = Release|Any CPU
		{9E280B73-CD92-4E16-9F32-197FCD085BA4}.Release|Any CPU.Build.0 = Release|Any CPU
		{65490DE2-FF09-4C61-A7C4-7FF21E7140C6}.Debug|Any CPU.ActiveCfg = Debug|Any CPU
		{65490DE2-FF09-4C61-A7C4-7FF21E7140C6}.Debug|Any CPU.Build.0 = Debug|Any CPU
		{65490DE2-FF09-4C61-A7C4-7FF21E7140C6}.Release|Any CPU.ActiveCfg = Release|Any CPU
		{65490DE2-FF09-4C61-A7C4-7FF21E7140C6}.Release|Any CPU.Build.0 = Release|Any CPU
	EndGlobalSection
	GlobalSection(SolutionProperties) = preSolution
		HideSolutionNode = FALSE
	EndGlobalSection
	GlobalSection(ExtensibilityGlobals) = postSolution
		SolutionGuid = {937F69F0-F6C6-4E44-8063-67E60E74914B}
	EndGlobalSection
EndGlobal
